
Microsoft Visual Studio Solution File, Format Version 12.00
# Visual Studio Version 16
VisualStudioVersion = 16.0.30503.244
MinimumVisualStudioVersion = 10.0.40219.1
Project("{FAE04EC0-301F-11D3-BF4B-00C04F79EFBC}") = "Matjar", "Matjar\Matjar.csproj", "{B45EF996-B075-4F54-BFBB-958C2E4EFB0C}"
EndProject
Project("{FAE04EC0-301F-11D3-BF4B-00C04F79EFBC}") = "DataAccessLayer", "DataAccessLayer\DataAccessLayer.csproj", "{665D6DD6-40ED-45C1-A76B-255CF576E733}"
EndProject
Project("{FAE04EC0-301F-11D3-BF4B-00C04F79EFBC}") = "Models", "Models\Models.csproj", "{DDF1C044-3D74-4BC0-87EC-A9AFABEFD0CC}"
EndProject
Project("{FAE04EC0-301F-11D3-BF4B-00C04F79EFBC}") = "UserControls", "UserControls\UserControls.csproj", "{69C159AE-E353-4079-A4B2-2B61F9B66176}"
EndProject
Project("{FAE04EC0-301F-11D3-BF4B-00C04F79EFBC}") = "GControls", "GControls\GControls.csproj", "{B25EEE95-3CEA-4520-9573-C8C2BE7E810B}"
EndProject
Global
	GlobalSection(SolutionConfigurationPlatforms) = preSolution
		CD_ROM|Any CPU = CD_ROM|Any CPU
		CD_ROM|Mixed Platforms = CD_ROM|Mixed Platforms
		CD_ROM|x86 = CD_ROM|x86
		Debug|Any CPU = Debug|Any CPU
		Debug|Mixed Platforms = Debug|Mixed Platforms
		Debug|x86 = Debug|x86
		DVD-5|Any CPU = DVD-5|Any CPU
		DVD-5|Mixed Platforms = DVD-5|Mixed Platforms
		DVD-5|x86 = DVD-5|x86
		Release|Any CPU = Release|Any CPU
		Release|Mixed Platforms = Release|Mixed Platforms
		Release|x86 = Release|x86
		SingleImage|Any CPU = SingleImage|Any CPU
		SingleImage|Mixed Platforms = SingleImage|Mixed Platforms
		SingleImage|x86 = SingleImage|x86
	EndGlobalSection
	GlobalSection(ProjectConfigurationPlatforms) = postSolution
		{B45EF996-B075-4F54-BFBB-958C2E4EFB0C}.CD_ROM|Any CPU.ActiveCfg = Release|Any CPU
		{B45EF996-B075-4F54-BFBB-958C2E4EFB0C}.CD_ROM|Any CPU.Build.0 = Release|Any CPU
		{B45EF996-B075-4F54-BFBB-958C2E4EFB0C}.CD_ROM|Mixed Platforms.ActiveCfg = Release|Any CPU
		{B45EF996-B075-4F54-BFBB-958C2E4EFB0C}.CD_ROM|Mixed Platforms.Build.0 = Release|Any CPU
		{B45EF996-B075-4F54-BFBB-958C2E4EFB0C}.CD_ROM|x86.ActiveCfg = Release|Any CPU
		{B45EF996-B075-4F54-BFBB-958C2E4EFB0C}.Debug|Any CPU.ActiveCfg = Debug|Any CPU
		{B45EF996-B075-4F54-BFBB-958C2E4EFB0C}.Debug|Any CPU.Build.0 = Debug|Any CPU
		{B45EF996-B075-4F54-BFBB-958C2E4EFB0C}.Debug|Mixed Platforms.ActiveCfg = Release|Any CPU
		{B45EF996-B075-4F54-BFBB-958C2E4EFB0C}.Debug|Mixed Platforms.Build.0 = Release|Any CPU
		{B45EF996-B075-4F54-BFBB-958C2E4EFB0C}.Debug|x86.ActiveCfg = Debug|Any CPU
		{B45EF996-B075-4F54-BFBB-958C2E4EFB0C}.DVD-5|Any CPU.ActiveCfg = Debug|Any CPU
		{B45EF996-B075-4F54-BFBB-958C2E4EFB0C}.DVD-5|Any CPU.Build.0 = Debug|Any CPU
		{B45EF996-B075-4F54-BFBB-958C2E4EFB0C}.DVD-5|Mixed Platforms.ActiveCfg = Debug|Any CPU
		{B45EF996-B075-4F54-BFBB-958C2E4EFB0C}.DVD-5|Mixed Platforms.Build.0 = Debug|Any CPU
		{B45EF996-B075-4F54-BFBB-958C2E4EFB0C}.DVD-5|x86.ActiveCfg = Debug|Any CPU
		{B45EF996-B075-4F54-BFBB-958C2E4EFB0C}.Release|Any CPU.ActiveCfg = Release|Any CPU
		{B45EF996-B075-4F54-BFBB-958C2E4EFB0C}.Release|Any CPU.Build.0 = Release|Any CPU
		{B45EF996-B075-4F54-BFBB-958C2E4EFB0C}.Release|Mixed Platforms.ActiveCfg = Release|Any CPU
		{B45EF996-B075-4F54-BFBB-958C2E4EFB0C}.Release|Mixed Platforms.Build.0 = Release|Any CPU
		{B45EF996-B075-4F54-BFBB-958C2E4EFB0C}.Release|x86.ActiveCfg = Release|Any CPU
		{B45EF996-B075-4F54-BFBB-958C2E4EFB0C}.SingleImage|Any CPU.ActiveCfg = Release|Any CPU
		{B45EF996-B075-4F54-BFBB-958C2E4EFB0C}.SingleImage|Any CPU.Build.0 = Release|Any CPU
		{B45EF996-B075-4F54-BFBB-958C2E4EFB0C}.SingleImage|Mixed Platforms.ActiveCfg = Release|Any CPU
		{B45EF996-B075-4F54-BFBB-958C2E4EFB0C}.SingleImage|Mixed Platforms.Build.0 = Release|Any CPU
		{B45EF996-B075-4F54-BFBB-958C2E4EFB0C}.SingleImage|x86.ActiveCfg = Release|Any CPU
		{665D6DD6-40ED-45C1-A76B-255CF576E733}.CD_ROM|Any CPU.ActiveCfg = Release|Any CPU
		{665D6DD6-40ED-45C1-A76B-255CF576E733}.CD_ROM|Any CPU.Build.0 = Release|Any CPU
		{665D6DD6-40ED-45C1-A76B-255CF576E733}.CD_ROM|Mixed Platforms.ActiveCfg = Release|Any CPU
		{665D6DD6-40ED-45C1-A76B-255CF576E733}.CD_ROM|Mixed Platforms.Build.0 = Release|Any CPU
		{665D6DD6-40ED-45C1-A76B-255CF576E733}.CD_ROM|x86.ActiveCfg = Release|Any CPU
		{665D6DD6-40ED-45C1-A76B-255CF576E733}.Debug|Any CPU.ActiveCfg = Debug|Any CPU
		{665D6DD6-40ED-45C1-A76B-255CF576E733}.Debug|Any CPU.Build.0 = Debug|Any CPU
		{665D6DD6-40ED-45C1-A76B-255CF576E733}.Debug|Mixed Platforms.ActiveCfg = Release|Any CPU
		{665D6DD6-40ED-45C1-A76B-255CF576E733}.Debug|Mixed Platforms.Build.0 = Release|Any CPU
		{665D6DD6-40ED-45C1-A76B-255CF576E733}.Debug|x86.ActiveCfg = Debug|Any CPU
		{665D6DD6-40ED-45C1-A76B-255CF576E733}.DVD-5|Any CPU.ActiveCfg = Debug|Any CPU
		{665D6DD6-40ED-45C1-A76B-255CF576E733}.DVD-5|Any CPU.Build.0 = Debug|Any CPU
		{665D6DD6-40ED-45C1-A76B-255CF576E733}.DVD-5|Mixed Platforms.ActiveCfg = Debug|Any CPU
		{665D6DD6-40ED-45C1-A76B-255CF576E733}.DVD-5|Mixed Platforms.Build.0 = Debug|Any CPU
		{665D6DD6-40ED-45C1-A76B-255CF576E733}.DVD-5|x86.ActiveCfg = Debug|Any CPU
		{665D6DD6-40ED-45C1-A76B-255CF576E733}.Release|Any CPU.ActiveCfg = Release|Any CPU
		{665D6DD6-40ED-45C1-A76B-255CF576E733}.Release|Any CPU.Build.0 = Release|Any CPU
		{665D6DD6-40ED-45C1-A76B-255CF576E733}.Release|Mixed Platforms.ActiveCfg = Release|Any CPU
		{665D6DD6-40ED-45C1-A76B-255CF576E733}.Release|Mixed Platforms.Build.0 = Release|Any CPU
		{665D6DD6-40ED-45C1-A76B-255CF576E733}.Release|x86.ActiveCfg = Release|Any CPU
		{665D6DD6-40ED-45C1-A76B-255CF576E733}.SingleImage|Any CPU.ActiveCfg = Release|Any CPU
		{665D6DD6-40ED-45C1-A76B-255CF576E733}.SingleImage|Any CPU.Build.0 = Release|Any CPU
		{665D6DD6-40ED-45C1-A76B-255CF576E733}.SingleImage|Mixed Platforms.ActiveCfg = Release|Any CPU
		{665D6DD6-40ED-45C1-A76B-255CF576E733}.SingleImage|Mixed Platforms.Build.0 = Release|Any CPU
		{665D6DD6-40ED-45C1-A76B-255CF576E733}.SingleImage|x86.ActiveCfg = Release|Any CPU
		{DDF1C044-3D74-4BC0-87EC-A9AFABEFD0CC}.CD_ROM|Any CPU.ActiveCfg = Release|Any CPU
		{DDF1C044-3D74-4BC0-87EC-A9AFABEFD0CC}.CD_ROM|Any CPU.Build.0 = Release|Any CPU
		{DDF1C044-3D74-4BC0-87EC-A9AFABEFD0CC}.CD_ROM|Mixed Platforms.ActiveCfg = Release|Any CPU
		{DDF1C044-3D74-4BC0-87EC-A9AFABEFD0CC}.CD_ROM|Mixed Platforms.Build.0 = Release|Any CPU
		{DDF1C044-3D74-4BC0-87EC-A9AFABEFD0CC}.CD_ROM|x86.ActiveCfg = Release|Any CPU
		{DDF1C044-3D74-4BC0-87EC-A9AFABEFD0CC}.Debug|Any CPU.ActiveCfg = Debug|Any CPU
		{DDF1C044-3D74-4BC0-87EC-A9AFABEFD0CC}.Debug|Any CPU.Build.0 = Debug|Any CPU
		{DDF1C044-3D74-4BC0-87EC-A9AFABEFD0CC}.Debug|Mixed Platforms.ActiveCfg = Debug|Any CPU
		{DDF1C044-3D74-4BC0-87EC-A9AFABEFD0CC}.Debug|Mixed Platforms.Build.0 = Debug|Any CPU
		{DDF1C044-3D74-4BC0-87EC-A9AFABEFD0CC}.Debug|x86.ActiveCfg = Debug|Any CPU
		{DDF1C044-3D74-4BC0-87EC-A9AFABEFD0CC}.DVD-5|Any CPU.ActiveCfg = Debug|Any CPU
		{DDF1C044-3D74-4BC0-87EC-A9AFABEFD0CC}.DVD-5|Any CPU.Build.0 = Debug|Any CPU
		{DDF1C044-3D74-4BC0-87EC-A9AFABEFD0CC}.DVD-5|Mixed Platforms.ActiveCfg = Debug|Any CPU
		{DDF1C044-3D74-4BC0-87EC-A9AFABEFD0CC}.DVD-5|Mixed Platforms.Build.0 = Debug|Any CPU
		{DDF1C044-3D74-4BC0-87EC-A9AFABEFD0CC}.DVD-5|x86.ActiveCfg = Debug|Any CPU
		{DDF1C044-3D74-4BC0-87EC-A9AFABEFD0CC}.Release|Any CPU.ActiveCfg = Release|Any CPU
		{DDF1C044-3D74-4BC0-87EC-A9AFABEFD0CC}.Release|Any CPU.Build.0 = Release|Any CPU
		{DDF1C044-3D74-4BC0-87EC-A9AFABEFD0CC}.Release|Mixed Platforms.ActiveCfg = Release|Any CPU
		{DDF1C044-3D74-4BC0-87EC-A9AFABEFD0CC}.Release|Mixed Platforms.Build.0 = Release|Any CPU
		{DDF1C044-3D74-4BC0-87EC-A9AFABEFD0CC}.Release|x86.ActiveCfg = Release|Any CPU
		{DDF1C044-3D74-4BC0-87EC-A9AFABEFD0CC}.SingleImage|Any CPU.ActiveCfg = Release|Any CPU
		{DDF1C044-3D74-4BC0-87EC-A9AFABEFD0CC}.SingleImage|Any CPU.Build.0 = Release|Any CPU
		{DDF1C044-3D74-4BC0-87EC-A9AFABEFD0CC}.SingleImage|Mixed Platforms.ActiveCfg = Release|Any CPU
		{DDF1C044-3D74-4BC0-87EC-A9AFABEFD0CC}.SingleImage|Mixed Platforms.Build.0 = Release|Any CPU
		{DDF1C044-3D74-4BC0-87EC-A9AFABEFD0CC}.SingleImage|x86.ActiveCfg = Release|Any CPU
		{69C159AE-E353-4079-A4B2-2B61F9B66176}.CD_ROM|Any CPU.ActiveCfg = Release|Any CPU
		{69C159AE-E353-4079-A4B2-2B61F9B66176}.CD_ROM|Any CPU.Build.0 = Release|Any CPU
		{69C159AE-E353-4079-A4B2-2B61F9B66176}.CD_ROM|Mixed Platforms.ActiveCfg = Release|Any CPU
		{69C159AE-E353-4079-A4B2-2B61F9B66176}.CD_ROM|Mixed Platforms.Build.0 = Release|Any CPU
		{69C159AE-E353-4079-A4B2-2B61F9B66176}.CD_ROM|x86.ActiveCfg = Release|Any CPU
		{69C159AE-E353-4079-A4B2-2B61F9B66176}.Debug|Any CPU.ActiveCfg = Debug|Any CPU
		{69C159AE-E353-4079-A4B2-2B61F9B66176}.Debug|Any CPU.Build.0 = Debug|Any CPU
		{69C159AE-E353-4079-A4B2-2B61F9B66176}.Debug|Mixed Platforms.ActiveCfg = Debug|Any CPU
		{69C159AE-E353-4079-A4B2-2B61F9B66176}.Debug|Mixed Platforms.Build.0 = Debug|Any CPU
		{69C159AE-E353-4079-A4B2-2B61F9B66176}.Debug|x86.ActiveCfg = Debug|Any CPU
		{69C159AE-E353-4079-A4B2-2B61F9B66176}.DVD-5|Any CPU.ActiveCfg = Debug|Any CPU
		{69C159AE-E353-4079-A4B2-2B61F9B66176}.DVD-5|Any CPU.Build.0 = Debug|Any CPU
		{69C159AE-E353-4079-A4B2-2B61F9B66176}.DVD-5|Mixed Platforms.ActiveCfg = Debug|Any CPU
		{69C159AE-E353-4079-A4B2-2B61F9B66176}.DVD-5|Mixed Platforms.Build.0 = Debug|Any CPU
		{69C159AE-E353-4079-A4B2-2B61F9B66176}.DVD-5|x86.ActiveCfg = Debug|Any CPU
		{69C159AE-E353-4079-A4B2-2B61F9B66176}.Release|Any CPU.ActiveCfg = Release|Any CPU
		{69C159AE-E353-4079-A4B2-2B61F9B66176}.Release|Any CPU.Build.0 = Release|Any CPU
		{69C159AE-E353-4079-A4B2-2B61F9B66176}.Release|Mixed Platforms.ActiveCfg = Release|Any CPU
		{69C159AE-E353-4079-A4B2-2B61F9B66176}.Release|Mixed Platforms.Build.0 = Release|Any CPU
		{69C159AE-E353-4079-A4B2-2B61F9B66176}.Release|x86.ActiveCfg = Release|Any CPU
		{69C159AE-E353-4079-A4B2-2B61F9B66176}.SingleImage|Any CPU.ActiveCfg = Release|Any CPU
		{69C159AE-E353-4079-A4B2-2B61F9B66176}.SingleImage|Any CPU.Build.0 = Release|Any CPU
		{69C159AE-E353-4079-A4B2-2B61F9B66176}.SingleImage|Mixed Platforms.ActiveCfg = Release|Any CPU
		{69C159AE-E353-4079-A4B2-2B61F9B66176}.SingleImage|Mixed Platforms.Build.0 = Release|Any CPU
		{69C159AE-E353-4079-A4B2-2B61F9B66176}.SingleImage|x86.ActiveCfg = Release|Any CPU
		{B25EEE95-3CEA-4520-9573-C8C2BE7E810B}.CD_ROM|Any CPU.ActiveCfg = Release|Any CPU
		{B25EEE95-3CEA-4520-9573-C8C2BE7E810B}.CD_ROM|Any CPU.Build.0 = Release|Any CPU
		{B25EEE95-3CEA-4520-9573-C8C2BE7E810B}.CD_ROM|Mixed Platforms.ActiveCfg = Release|Any CPU
		{B25EEE95-3CEA-4520-9573-C8C2BE7E810B}.CD_ROM|Mixed Platforms.Build.0 = Release|Any CPU
		{B25EEE95-3CEA-4520-9573-C8C2BE7E810B}.CD_ROM|x86.ActiveCfg = Release|Any CPU
		{B25EEE95-3CEA-4520-9573-C8C2BE7E810B}.Debug|Any CPU.ActiveCfg = Debug|Any CPU
		{B25EEE95-3CEA-4520-9573-C8C2BE7E810B}.Debug|Any CPU.Build.0 = Debug|Any CPU
		{B25EEE95-3CEA-4520-9573-C8C2BE7E810B}.Debug|Mixed Platforms.ActiveCfg = Debug|Any CPU
		{B25EEE95-3CEA-4520-9573-C8C2BE7E810B}.Debug|Mixed Platforms.Build.0 = Debug|Any CPU
		{B25EEE95-3CEA-4520-9573-C8C2BE7E810B}.Debug|x86.ActiveCfg = Debug|Any CPU
		{B25EEE95-3CEA-4520-9573-C8C2BE7E810B}.DVD-5|Any CPU.ActiveCfg = Debug|Any CPU
		{B25EEE95-3CEA-4520-9573-C8C2BE7E810B}.DVD-5|Any CPU.Build.0 = Debug|Any CPU
		{B25EEE95-3CEA-4520-9573-C8C2BE7E810B}.DVD-5|Mixed Platforms.ActiveCfg = Debug|Any CPU
		{B25EEE95-3CEA-4520-9573-C8C2BE7E810B}.DVD-5|Mixed Platforms.Build.0 = Debug|Any CPU
		{B25EEE95-3CEA-4520-9573-C8C2BE7E810B}.DVD-5|x86.ActiveCfg = Debug|Any CPU
		{B25EEE95-3CEA-4520-9573-C8C2BE7E810B}.Release|Any CPU.ActiveCfg = Release|Any CPU
		{B25EEE95-3CEA-4520-9573-C8C2BE7E810B}.Release|Any CPU.Build.0 = Release|Any CPU
		{B25EEE95-3CEA-4520-9573-C8C2BE7E810B}.Release|Mixed Platforms.ActiveCfg = Release|Any CPU
		{B25EEE95-3CEA-4520-9573-C8C2BE7E810B}.Release|Mixed Platforms.Build.0 = Release|Any CPU
		{B25EEE95-3CEA-4520-9573-C8C2BE7E810B}.Release|x86.ActiveCfg = Release|Any CPU
		{B25EEE95-3CEA-4520-9573-C8C2BE7E810B}.SingleImage|Any CPU.ActiveCfg = Release|Any CPU
		{B25EEE95-3CEA-4520-9573-C8C2BE7E810B}.SingleImage|Any CPU.Build.0 = Release|Any CPU
		{B25EEE95-3CEA-4520-9573-C8C2BE7E810B}.SingleImage|Mixed Platforms.ActiveCfg = Release|Any CPU
		{B25EEE95-3CEA-4520-9573-C8C2BE7E810B}.SingleImage|Mixed Platforms.Build.0 = Release|Any CPU
		{B25EEE95-3CEA-4520-9573-C8C2BE7E810B}.SingleImage|x86.ActiveCfg = Release|Any CPU
	EndGlobalSection
	GlobalSection(SolutionProperties) = preSolution
		HideSolutionNode = FALSE
	EndGlobalSection
	GlobalSection(ExtensibilityGlobals) = postSolution
		SolutionGuid = {5C6B4AE6-00F1-4BBB-AE30-60BCF5959FB2}
	EndGlobalSection
EndGlobal
